
Microsoft Visual Studio Solution File, Format Version 12.00
Project("{FAE04EC0-301F-11D3-BF4B-00C04F79EFBC}") = "AirPlaces.API", "AirPlaces.API\AirPlaces.API.csproj", "{BC9E51EB-C84D-4EBC-B6BC-6C51EA48E3BD}"
EndProject
Project("{FAE04EC0-301F-11D3-BF4B-00C04F79EFBC}") = "AirPlaces.Entities", "AirPlaces.Entities\AirPlaces.Entities.csproj", "{BF747E3A-333D-4502-A46E-1F69237E5448}"
EndProject
Global
	GlobalSection(SolutionConfigurationPlatforms) = preSolution
		Debug|Any CPU = Debug|Any CPU
		Release|Any CPU = Release|Any CPU
	EndGlobalSection
	GlobalSection(ProjectConfigurationPlatforms) = postSolution
		{BC9E51EB-C84D-4EBC-B6BC-6C51EA48E3BD}.Debug|Any CPU.ActiveCfg = Debug|Any CPU
		{BC9E51EB-C84D-4EBC-B6BC-6C51EA48E3BD}.Debug|Any CPU.Build.0 = Debug|Any CPU
		{BC9E51EB-C84D-4EBC-B6BC-6C51EA48E3BD}.Release|Any CPU.ActiveCfg = Release|Any CPU
		{BC9E51EB-C84D-4EBC-B6BC-6C51EA48E3BD}.Release|Any CPU.Build.0 = Release|Any CPU
		{BF747E3A-333D-4502-A46E-1F69237E5448}.Debug|Any CPU.ActiveCfg = Debug|Any CPU
		{BF747E3A-333D-4502-A46E-1F69237E5448}.Debug|Any CPU.Build.0 = Debug|Any CPU
		{BF747E3A-333D-4502-A46E-1F69237E5448}.Release|Any CPU.ActiveCfg = Release|Any CPU
		{BF747E3A-333D-4502-A46E-1F69237E5448}.Release|Any CPU.Build.0 = Release|Any CPU
	EndGlobalSection
EndGlobal
